// !$*UTF8*$!
{
	archiveVersion = 1;
	classes = {
	};
	objectVersion = 77;
	objects = {

/* Begin PBXBuildFile section */
		039304FBCB45C47CCA09316A /* OTPService.swift in Sources */ = {isa = PBXBuildFile; fileRef = C5D11D1D00002FE8E1779537 /* OTPService.swift */; };
		03C31AC914D810D69379ADF5 /* FoodImages.swift in Sources */ = {isa = PBXBuildFile; fileRef = 985E45FD329F884D50E85B46 /* FoodImages.swift */; };
		0A668994A1CEAFEDC576E434 /* OrderService.swift in Sources */ = {isa = PBXBuildFile; fileRef = 3C140E7AC49429BECA437576 /* OrderService.swift */; };
		0C721F5A1C1FDFBBDAE296BD /* LoginThrottle.swift in Sources */ = {isa = PBXBuildFile; fileRef = 668A8672C8A9A4EFE5135982 /* LoginThrottle.swift */; };
		10D53F2BE6250EB2F8167354 /* EmailService.swift in Sources */ = {isa = PBXBuildFile; fileRef = DEB91580BE554990693D6A04 /* EmailService.swift */; };
		1E628605B8879386EE586D4F /* Restaurant.swift in Sources */ = {isa = PBXBuildFile; fileRef = DE8024A40AB160D31F28DB3E /* Restaurant.swift */; };
		248E35DDE1CDC90D75DD9180 /* AuthService.swift in Sources */ = {isa = PBXBuildFile; fileRef = D62D9BC58802957623E409C8 /* AuthService.swift */; };
		268388818DE988D3D7286EB8 /* PaymentMethod.swift in Sources */ = {isa = PBXBuildFile; fileRef = A5AE1913590C67FEAAF846FC /* PaymentMethod.swift */; };
		2B74DAC7DA659BB4099984CA /* AuthFlowView.swift in Sources */ = {isa = PBXBuildFile; fileRef = D1E6BEB5D99E3A9E3672B25F /* AuthFlowView.swift */; };
		2D9DE7C230A40D5C2C462F0C /* HomeView.swift in Sources */ = {isa = PBXBuildFile; fileRef = B1BBA743819EB611D2C06DC5 /* HomeView.swift */; };
		30174D2543F1A478DBB909BC /* CartViewModel.swift in Sources */ = {isa = PBXBuildFile; fileRef = C782BB9765486D7B907D9922 /* CartViewModel.swift */; };
		32C11A1640FAFA005392FD99 /* PaymentMethodsView.swift in Sources */ = {isa = PBXBuildFile; fileRef = 9DBD73012A0DC5E5E3C00BE1 /* PaymentMethodsView.swift */; };
		367564975964975A10281638 /* StripePaymentSheet in Frameworks */ = {isa = PBXBuildFile; productRef = AC00D612CC0B1263B77BA8FB /* StripePaymentSheet */; };
		400346166B258712B941B981 /* KeychainHelper.swift in Sources */ = {isa = PBXBuildFile; fileRef = A8D72E27521082EFB56FDC2A /* KeychainHelper.swift */; };
		41535726E2915F0040AEADEA /* OrderTrackingView.swift in Sources */ = {isa = PBXBuildFile; fileRef = B0B0FFD7618015B367E7099C /* OrderTrackingView.swift */; };
		41C456A6422FFBF1F9163CB9 /* CredentialStore.swift in Sources */ = {isa = PBXBuildFile; fileRef = A87491258F9DCB473510245E /* CredentialStore.swift */; };
		47DE0DCC7FA7D42A910F2085 /* LoginView.swift in Sources */ = {isa = PBXBuildFile; fileRef = 9367439A96816A5DD80E9F4E /* LoginView.swift */; };
		4FF961C1509A88709CDDA9B1 /* SalesData.swift in Sources */ = {isa = PBXBuildFile; fileRef = C1ACEE50AF13E6EEED188836 /* SalesData.swift */; };
		54BB4F68B2387724BD6159B3 /* GoogleSignIn in Frameworks */ = {isa = PBXBuildFile; productRef = 143C41F7D3AB19F566C8A0AC /* GoogleSignIn */; };
		55CB0D585E028CFAA74B9D61 /* Order.swift in Sources */ = {isa = PBXBuildFile; fileRef = E3DCE08AE98E58CC843353C2 /* Order.swift */; };
		5DBC5E5A613796612D9F4424 /* Assets.xcassets in Resources */ = {isa = PBXBuildFile; fileRef = 2EB24CB72291B34F64B3BFB9 /* Assets.xcassets */; };
		5EB62EAB1CEC8CE906B8BD46 /* CommonPasswords.swift in Sources */ = {isa = PBXBuildFile; fileRef = 4A995C4C6A1920350C8C9E93 /* CommonPasswords.swift */; };
		62EAAC1A1DFF27E504DFBC2F /* RestaurantView.swift in Sources */ = {isa = PBXBuildFile; fileRef = A578105152A39E3677DB9506 /* RestaurantView.swift */; };
		6461BE3BF37666EAB1037E16 /* CheckoutView.swift in Sources */ = {isa = PBXBuildFile; fileRef = C7B4B34A9F48A71EB3B14D15 /* CheckoutView.swift */; };
		722E2A65F7FBA1665C38128E /* GoogleSignInButton.swift in Sources */ = {isa = PBXBuildFile; fileRef = 1820EED5FF5719238BEB72C2 /* GoogleSignInButton.swift */; };
		8985EDB242E6B855E07A074A /* RestaurantCardView.swift in Sources */ = {isa = PBXBuildFile; fileRef = 5CD1ED5B486250EE875B085C /* RestaurantCardView.swift */; };
		8A0F362B9EE1B7C599F7CE99 /* RestaurantData.swift in Sources */ = {isa = PBXBuildFile; fileRef = F28B7B8DAD92C3C486A44143 /* RestaurantData.swift */; };
		8AB06F68397F1D3D29D9079E /* HomeViewModel.swift in Sources */ = {isa = PBXBuildFile; fileRef = B4C03F7375480F9EBDC07E3C /* HomeViewModel.swift */; };
		8B61E4FB3AF952F0BB50D680 /* AppleSignInButton.swift in Sources */ = {isa = PBXBuildFile; fileRef = 7DD74CE9F49790B90AEF8E13 /* AppleSignInButton.swift */; };
		8F06D44AAFD9134A80CCD864 /* RecommendationEngine.swift in Sources */ = {isa = PBXBuildFile; fileRef = 43CC9991217E576555604EBA /* RecommendationEngine.swift */; };
		960D1DF879A4CE3A75D8A128 /* MenuItem.swift in Sources */ = {isa = PBXBuildFile; fileRef = EAAC34CDBE5C34BE4CC203D1 /* MenuItem.swift */; };
		97B4C7778753CCA5A4F45B0A /* AuthComponents.swift in Sources */ = {isa = PBXBuildFile; fileRef = 877A8CA58CC92F49BCAA5CBA /* AuthComponents.swift */; };
		9DAD9D3370A149C2C8FF87DA /* libsqlite3.tbd in Frameworks */ = {isa = PBXBuildFile; fileRef = C09AF8D3653E40330186CEB4 /* libsqlite3.tbd */; };
		9F267FA379F4795B27B86100 /* AddCardView.swift in Sources */ = {isa = PBXBuildFile; fileRef = 17B3C1B8B6F18BDF8CC402AA /* AddCardView.swift */; };
		A43D838D4244A0A8590DA244 /* CartItemRow.swift in Sources */ = {isa = PBXBuildFile; fileRef = E98F47ECF79241567D50586D /* CartItemRow.swift */; };
		A6CE54242E7CB3E1BEEBE2CB /* AuthModels.swift in Sources */ = {isa = PBXBuildFile; fileRef = 688F2630CD4C07F4BA5AEF9A /* AuthModels.swift */; };
		AB41600D8626A679D66CBB05 /* WelcomeView.swift in Sources */ = {isa = PBXBuildFile; fileRef = 3D1B56AB21D303B4FD8E76C5 /* WelcomeView.swift */; };
		AE0112B9F5CFA5637DC53509 /* Config.swift in Sources */ = {isa = PBXBuildFile; fileRef = F5B1DAE8F20C373A89A44817 /* Config.swift */; };
		B4A6CAA1A1CFF1B6074C7414 /* ForgotPasswordView.swift in Sources */ = {isa = PBXBuildFile; fileRef = 9276BCCF0FEA89B5F5577999 /* ForgotPasswordView.swift */; };
		B7DFFAC80C0CA9B299C0A5C1 /* SignUpView.swift in Sources */ = {isa = PBXBuildFile; fileRef = E6B2DBB064B3AC3D1107B3D2 /* SignUpView.swift */; };
		BDAC932E17A13564963C20CF /* LocationManager.swift in Sources */ = {isa = PBXBuildFile; fileRef = CBA3BCBA9E29A298F0EC30B8 /* LocationManager.swift */; };
		BDD357D0C64D526F7B5DC444 /* OrderHistoryView.swift in Sources */ = {isa = PBXBuildFile; fileRef = 3CE698563CF5EF50B0E3E79B /* OrderHistoryView.swift */; };
		BF76D15AA3385B5A6BE90870 /* ResetPasswordView.swift in Sources */ = {isa = PBXBuildFile; fileRef = 20C8FEB1E3EF2DA75127163E /* ResetPasswordView.swift */; };
		C0267589404C991D27F23051 /* AppTheme.swift in Sources */ = {isa = PBXBuildFile; fileRef = D0CFAA8A87FCF9EF6264F11C /* AppTheme.swift */; };
		C426AA93466EE3467E48D41F /* CheckoutViewModel.swift in Sources */ = {isa = PBXBuildFile; fileRef = E3956F98AD9C29AFE1162645 /* CheckoutViewModel.swift */; };
		C5425AEDCB84BBA0FE6B0C18 /* PaymentService.swift in Sources */ = {isa = PBXBuildFile; fileRef = F6B9ED2C0AD72293AAB58124 /* PaymentService.swift */; };
		CB627E5C7C31B6AA5BA5A9B6 /* RootView.swift in Sources */ = {isa = PBXBuildFile; fileRef = 465DA3D82A1CA1300B470749 /* RootView.swift */; };
		D5884063F9CFF373361D7FB4 /* Cart.swift in Sources */ = {isa = PBXBuildFile; fileRef = 0B0B9BC8AC978EC488B962C7 /* Cart.swift */; };
		D5F060DFF6E376FA8BCC6B8E /* VerificationView.swift in Sources */ = {isa = PBXBuildFile; fileRef = ACB534D8B5B63073B67D728D /* VerificationView.swift */; };
		D8FA7C34663ADAA1E1AC5E4D /* OrderRecord.swift in Sources */ = {isa = PBXBuildFile; fileRef = A2C8FF69D9744AF6472F1670 /* OrderRecord.swift */; };
		DA5687D49A8C8FA77639A5E9 /* FullScreenImageView.swift in Sources */ = {isa = PBXBuildFile; fileRef = CB43564B5EA74F5BB38891AF /* FullScreenImageView.swift */; };
		DDA582B21E9B4012DA6031C0 /* ImageCache.swift in Sources */ = {isa = PBXBuildFile; fileRef = C34445A2EB9C46EB16144479 /* ImageCache.swift */; };
		E4474B275BAB36520EBD505D /* Database.swift in Sources */ = {isa = PBXBuildFile; fileRef = D9B079AA1F59268293FCD70C /* Database.swift */; };
		E7C4AD9B554A4E271CD44B61 /* MenuItemRow.swift in Sources */ = {isa = PBXBuildFile; fileRef = DE48CA8D31CCA341AAAD8380 /* MenuItemRow.swift */; };
		F271789BCFE20DC3274DB3A9 /* CartView.swift in Sources */ = {isa = PBXBuildFile; fileRef = 76359317E596A68CC67A2494 /* CartView.swift */; };
		F681221FE6F14CB8E97760C7 /* ContentView.swift in Sources */ = {isa = PBXBuildFile; fileRef = 21DC89460C8F3429C2C2CB44 /* ContentView.swift */; };
		F9B076960D729FCACC778FB0 /* LocationPickerView.swift in Sources */ = {isa = PBXBuildFile; fileRef = F35E1DDED77C9DA14927FA21 /* LocationPickerView.swift */; };
		F9CB022BEBE2BB8DE95C6002 /* ProfileView.swift in Sources */ = {isa = PBXBuildFile; fileRef = B10031E18B38D3565F81CF49 /* ProfileView.swift */; };
		FB681A4850A601A41FA06994 /* LocalGOConsumerApp.swift in Sources */ = {isa = PBXBuildFile; fileRef = DF4DB6B91B0D4E3E99819086 /* LocalGOConsumerApp.swift */; };
/* End PBXBuildFile section */

/* Begin PBXFileReference section */
		0B0B9BC8AC978EC488B962C7 /* Cart.swift */ = {isa = PBXFileReference; lastKnownFileType = sourcecode.swift; path = Cart.swift; sourceTree = "<group>"; };
		17B3C1B8B6F18BDF8CC402AA /* AddCardView.swift */ = {isa = PBXFileReference; lastKnownFileType = sourcecode.swift; path = AddCardView.swift; sourceTree = "<group>"; };
		1820EED5FF5719238BEB72C2 /* GoogleSignInButton.swift */ = {isa = PBXFileReference; lastKnownFileType = sourcecode.swift; path = GoogleSignInButton.swift; sourceTree = "<group>"; };
		20C8FEB1E3EF2DA75127163E /* ResetPasswordView.swift */ = {isa = PBXFileReference; lastKnownFileType = sourcecode.swift; path = ResetPasswordView.swift; sourceTree = "<group>"; };
		21DC89460C8F3429C2C2CB44 /* ContentView.swift */ = {isa = PBXFileReference; lastKnownFileType = sourcecode.swift; path = ContentView.swift; sourceTree = "<group>"; };
		2EB24CB72291B34F64B3BFB9 /* Assets.xcassets */ = {isa = PBXFileReference; lastKnownFileType = folder.assetcatalog; path = Assets.xcassets; sourceTree = "<group>"; };
		3C140E7AC49429BECA437576 /* OrderService.swift */ = {isa = PBXFileReference; lastKnownFileType = sourcecode.swift; path = OrderService.swift; sourceTree = "<group>"; };
		3CE698563CF5EF50B0E3E79B /* OrderHistoryView.swift */ = {isa = PBXFileReference; lastKnownFileType = sourcecode.swift; path = OrderHistoryView.swift; sourceTree = "<group>"; };
		3D1B56AB21D303B4FD8E76C5 /* WelcomeView.swift */ = {isa = PBXFileReference; lastKnownFileType = sourcecode.swift; path = WelcomeView.swift; sourceTree = "<group>"; };
		43CC9991217E576555604EBA /* RecommendationEngine.swift */ = {isa = PBXFileReference; lastKnownFileType = sourcecode.swift; path = RecommendationEngine.swift; sourceTree = "<group>"; };
		465DA3D82A1CA1300B470749 /* RootView.swift */ = {isa = PBXFileReference; lastKnownFileType = sourcecode.swift; path = RootView.swift; sourceTree = "<group>"; };
		4A995C4C6A1920350C8C9E93 /* CommonPasswords.swift */ = {isa = PBXFileReference; lastKnownFileType = sourcecode.swift; path = CommonPasswords.swift; sourceTree = "<group>"; };
		5CD1ED5B486250EE875B085C /* RestaurantCardView.swift */ = {isa = PBXFileReference; lastKnownFileType = sourcecode.swift; path = RestaurantCardView.swift; sourceTree = "<group>"; };
		668A8672C8A9A4EFE5135982 /* LoginThrottle.swift */ = {isa = PBXFileReference; lastKnownFileType = sourcecode.swift; path = LoginThrottle.swift; sourceTree = "<group>"; };
		688F2630CD4C07F4BA5AEF9A /* AuthModels.swift */ = {isa = PBXFileReference; lastKnownFileType = sourcecode.swift; path = AuthModels.swift; sourceTree = "<group>"; };
		76359317E596A68CC67A2494 /* CartView.swift */ = {isa = PBXFileReference; lastKnownFileType = sourcecode.swift; path = CartView.swift; sourceTree = "<group>"; };
		7DD74CE9F49790B90AEF8E13 /* AppleSignInButton.swift */ = {isa = PBXFileReference; lastKnownFileType = sourcecode.swift; path = AppleSignInButton.swift; sourceTree = "<group>"; };
		877A8CA58CC92F49BCAA5CBA /* AuthComponents.swift */ = {isa = PBXFileReference; lastKnownFileType = sourcecode.swift; path = AuthComponents.swift; sourceTree = "<group>"; };
		9276BCCF0FEA89B5F5577999 /* ForgotPasswordView.swift */ = {isa = PBXFileReference; lastKnownFileType = sourcecode.swift; path = ForgotPasswordView.swift; sourceTree = "<group>"; };
		9367439A96816A5DD80E9F4E /* LoginView.swift */ = {isa = PBXFileReference; lastKnownFileType = sourcecode.swift; path = LoginView.swift; sourceTree = "<group>"; };
		985E45FD329F884D50E85B46 /* FoodImages.swift */ = {isa = PBXFileReference; lastKnownFileType = sourcecode.swift; path = FoodImages.swift; sourceTree = "<group>"; };
		9DBD73012A0DC5E5E3C00BE1 /* PaymentMethodsView.swift */ = {isa = PBXFileReference; lastKnownFileType = sourcecode.swift; path = PaymentMethodsView.swift; sourceTree = "<group>"; };
		A2C8FF69D9744AF6472F1670 /* OrderRecord.swift */ = {isa = PBXFileReference; lastKnownFileType = sourcecode.swift; path = OrderRecord.swift; sourceTree = "<group>"; };
		A578105152A39E3677DB9506 /* RestaurantView.swift */ = {isa = PBXFileReference; lastKnownFileType = sourcecode.swift; path = RestaurantView.swift; sourceTree = "<group>"; };
		A5AE1913590C67FEAAF846FC /* PaymentMethod.swift */ = {isa = PBXFileReference; lastKnownFileType = sourcecode.swift; path = PaymentMethod.swift; sourceTree = "<group>"; };
		A87491258F9DCB473510245E /* CredentialStore.swift */ = {isa = PBXFileReference; lastKnownFileType = sourcecode.swift; path = CredentialStore.swift; sourceTree = "<group>"; };
		A8D72E27521082EFB56FDC2A /* KeychainHelper.swift */ = {isa = PBXFileReference; lastKnownFileType = sourcecode.swift; path = KeychainHelper.swift; sourceTree = "<group>"; };
		ACB534D8B5B63073B67D728D /* VerificationView.swift */ = {isa = PBXFileReference; lastKnownFileType = sourcecode.swift; path = VerificationView.swift; sourceTree = "<group>"; };
		B0B0FFD7618015B367E7099C /* OrderTrackingView.swift */ = {isa = PBXFileReference; lastKnownFileType = sourcecode.swift; path = OrderTrackingView.swift; sourceTree = "<group>"; };
		B10031E18B38D3565F81CF49 /* ProfileView.swift */ = {isa = PBXFileReference; lastKnownFileType = sourcecode.swift; path = ProfileView.swift; sourceTree = "<group>"; };
		B1BBA743819EB611D2C06DC5 /* HomeView.swift */ = {isa = PBXFileReference; lastKnownFileType = sourcecode.swift; path = HomeView.swift; sourceTree = "<group>"; };
		B4C03F7375480F9EBDC07E3C /* HomeViewModel.swift */ = {isa = PBXFileReference; lastKnownFileType = sourcecode.swift; path = HomeViewModel.swift; sourceTree = "<group>"; };
		C03CDB1EE66FEDECE6D623E5 /* Info.plist */ = {isa = PBXFileReference; lastKnownFileType = text.plist; path = Info.plist; sourceTree = "<group>"; };
		C09AF8D3653E40330186CEB4 /* libsqlite3.tbd */ = {isa = PBXFileReference; lastKnownFileType = "sourcecode.text-based-dylib-definition"; name = libsqlite3.tbd; path = usr/lib/libsqlite3.tbd; sourceTree = SDKROOT; };
		C0AD91B35930626ED6BF7EAE /* LocalGOConsumer.app */ = {isa = PBXFileReference; includeInIndex = 0; lastKnownFileType = wrapper.application; path = LocalGOConsumer.app; sourceTree = BUILT_PRODUCTS_DIR; };
		C1ACEE50AF13E6EEED188836 /* SalesData.swift */ = {isa = PBXFileReference; lastKnownFileType = sourcecode.swift; path = SalesData.swift; sourceTree = "<group>"; };
		C34445A2EB9C46EB16144479 /* ImageCache.swift */ = {isa = PBXFileReference; lastKnownFileType = sourcecode.swift; path = ImageCache.swift; sourceTree = "<group>"; };
		C5D11D1D00002FE8E1779537 /* OTPService.swift */ = {isa = PBXFileReference; lastKnownFileType = sourcecode.swift; path = OTPService.swift; sourceTree = "<group>"; };
		C782BB9765486D7B907D9922 /* CartViewModel.swift */ = {isa = PBXFileReference; lastKnownFileType = sourcecode.swift; path = CartViewModel.swift; sourceTree = "<group>"; };
		C7B4B34A9F48A71EB3B14D15 /* CheckoutView.swift */ = {isa = PBXFileReference; lastKnownFileType = sourcecode.swift; path = CheckoutView.swift; sourceTree = "<group>"; };
		CB43564B5EA74F5BB38891AF /* FullScreenImageView.swift */ = {isa = PBXFileReference; lastKnownFileType = sourcecode.swift; path = FullScreenImageView.swift; sourceTree = "<group>"; };
		CBA3BCBA9E29A298F0EC30B8 /* LocationManager.swift */ = {isa = PBXFileReference; lastKnownFileType = sourcecode.swift; path = LocationManager.swift; sourceTree = "<group>"; };
		D0CFAA8A87FCF9EF6264F11C /* AppTheme.swift */ = {isa = PBXFileReference; lastKnownFileType = sourcecode.swift; path = AppTheme.swift; sourceTree = "<group>"; };
		D1E6BEB5D99E3A9E3672B25F /* AuthFlowView.swift */ = {isa = PBXFileReference; lastKnownFileType = sourcecode.swift; path = AuthFlowView.swift; sourceTree = "<group>"; };
		D62D9BC58802957623E409C8 /* AuthService.swift */ = {isa = PBXFileReference; lastKnownFileType = sourcecode.swift; path = AuthService.swift; sourceTree = "<group>"; };
		D9B079AA1F59268293FCD70C /* Database.swift */ = {isa = PBXFileReference; lastKnownFileType = sourcecode.swift; path = Database.swift; sourceTree = "<group>"; };
		DE48CA8D31CCA341AAAD8380 /* MenuItemRow.swift */ = {isa = PBXFileReference; lastKnownFileType = sourcecode.swift; path = MenuItemRow.swift; sourceTree = "<group>"; };
		DE8024A40AB160D31F28DB3E /* Restaurant.swift */ = {isa = PBXFileReference; lastKnownFileType = sourcecode.swift; path = Restaurant.swift; sourceTree = "<group>"; };
		DEB91580BE554990693D6A04 /* EmailService.swift */ = {isa = PBXFileReference; lastKnownFileType = sourcecode.swift; path = EmailService.swift; sourceTree = "<group>"; };
		DF4DB6B91B0D4E3E99819086 /* LocalGOConsumerApp.swift */ = {isa = PBXFileReference; lastKnownFileType = sourcecode.swift; path = LocalGOConsumerApp.swift; sourceTree = "<group>"; };
		E3956F98AD9C29AFE1162645 /* CheckoutViewModel.swift */ = {isa = PBXFileReference; lastKnownFileType = sourcecode.swift; path = CheckoutViewModel.swift; sourceTree = "<group>"; };
		E3DCE08AE98E58CC843353C2 /* Order.swift */ = {isa = PBXFileReference; lastKnownFileType = sourcecode.swift; path = Order.swift; sourceTree = "<group>"; };
		E6B2DBB064B3AC3D1107B3D2 /* SignUpView.swift */ = {isa = PBXFileReference; lastKnownFileType = sourcecode.swift; path = SignUpView.swift; sourceTree = "<group>"; };
		E98F47ECF79241567D50586D /* CartItemRow.swift */ = {isa = PBXFileReference; lastKnownFileType = sourcecode.swift; path = CartItemRow.swift; sourceTree = "<group>"; };
		EAAC34CDBE5C34BE4CC203D1 /* MenuItem.swift */ = {isa = PBXFileReference; lastKnownFileType = sourcecode.swift; path = MenuItem.swift; sourceTree = "<group>"; };
		F28B7B8DAD92C3C486A44143 /* RestaurantData.swift */ = {isa = PBXFileReference; lastKnownFileType = sourcecode.swift; path = RestaurantData.swift; sourceTree = "<group>"; };
		F35E1DDED77C9DA14927FA21 /* LocationPickerView.swift */ = {isa = PBXFileReference; lastKnownFileType = sourcecode.swift; path = LocationPickerView.swift; sourceTree = "<group>"; };
		F5B1DAE8F20C373A89A44817 /* Config.swift */ = {isa = PBXFileReference; lastKnownFileType = sourcecode.swift; path = Config.swift; sourceTree = "<group>"; };
		F6B9ED2C0AD72293AAB58124 /* PaymentService.swift */ = {isa = PBXFileReference; lastKnownFileType = sourcecode.swift; path = PaymentService.swift; sourceTree = "<group>"; };
/* End PBXFileReference section */

/* Begin PBXFrameworksBuildPhase section */
		5B3961A436E2C060EE462459 /* Frameworks */ = {
			isa = PBXFrameworksBuildPhase;
			buildActionMask = 2147483647;
			files = (
				367564975964975A10281638 /* StripePaymentSheet in Frameworks */,
				54BB4F68B2387724BD6159B3 /* GoogleSignIn in Frameworks */,
				9DAD9D3370A149C2C8FF87DA /* libsqlite3.tbd in Frameworks */,
			);
			runOnlyForDeploymentPostprocessing = 0;
		};
/* End PBXFrameworksBuildPhase section */

/* Begin PBXGroup section */
		0F6C2C51D3A1B670EF9AEBA2 /* ViewModels */ = {
			isa = PBXGroup;
			children = (
				C782BB9765486D7B907D9922 /* CartViewModel.swift */,
				E3956F98AD9C29AFE1162645 /* CheckoutViewModel.swift */,
				B4C03F7375480F9EBDC07E3C /* HomeViewModel.swift */,
			);
			path = ViewModels;
			sourceTree = "<group>";
		};
		14AA4A4080A280FC10A35496 = {
			isa = PBXGroup;
			children = (
				5E73F4417CFCEB51FB232C8A /* LocalGOConsumer */,
				D3859AD312BE726673405BCA /* Frameworks */,
				BB1F268F9AD4D38DAFFD8D41 /* Products */,
			);
			sourceTree = "<group>";
		};
		1DE77E8929D144AE36934D37 /* Checkout */ = {
			isa = PBXGroup;
			children = (
				C7B4B34A9F48A71EB3B14D15 /* CheckoutView.swift */,
			);
			path = Checkout;
			sourceTree = "<group>";
		};
		1F9CD46C6705640E22B36624 /* Home */ = {
			isa = PBXGroup;
			children = (
				B1BBA743819EB611D2C06DC5 /* HomeView.swift */,
				5CD1ED5B486250EE875B085C /* RestaurantCardView.swift */,
			);
			path = Home;
			sourceTree = "<group>";
		};
		29090420B2DEF72B77E31766 /* Views */ = {
			isa = PBXGroup;
			children = (
				465DA3D82A1CA1300B470749 /* RootView.swift */,
				F81974C7A6E9EAE7E0C1CD92 /* Auth */,
				E8CD4491A06FF7CCB857F90C /* Cart */,
				1DE77E8929D144AE36934D37 /* Checkout */,
				DE1E4D4A64AE4431EA7621F3 /* Components */,
				1F9CD46C6705640E22B36624 /* Home */,
				3C2AA41A2A2C578D5B423ADE /* Location */,
				6D95E41445C8277B0A700900 /* Payment */,
				C9C863C3AAD90AC724F86491 /* Profile */,
				829A9E93AB0E702A30E619FF /* Restaurant */,
				D8C6A2176CF39F59937510EE /* Tracking */,
			);
			path = Views;
			sourceTree = "<group>";
		};
		2AE5C4862EDD4B93E6B0A10D /* Models */ = {
			isa = PBXGroup;
			children = (
				688F2630CD4C07F4BA5AEF9A /* AuthModels.swift */,
				0B0B9BC8AC978EC488B962C7 /* Cart.swift */,
				EAAC34CDBE5C34BE4CC203D1 /* MenuItem.swift */,
				E3DCE08AE98E58CC843353C2 /* Order.swift */,
				A2C8FF69D9744AF6472F1670 /* OrderRecord.swift */,
				A5AE1913590C67FEAAF846FC /* PaymentMethod.swift */,
				DE8024A40AB160D31F28DB3E /* Restaurant.swift */,
			);
			path = Models;
			sourceTree = "<group>";
		};
		3C2AA41A2A2C578D5B423ADE /* Location */ = {
			isa = PBXGroup;
			children = (
				F35E1DDED77C9DA14927FA21 /* LocationPickerView.swift */,
			);
			path = Location;
			sourceTree = "<group>";
		};
		48E25C10533DBE786A8C18D8 /* Data */ = {
			isa = PBXGroup;
			children = (
				4A995C4C6A1920350C8C9E93 /* CommonPasswords.swift */,
				985E45FD329F884D50E85B46 /* FoodImages.swift */,
				F28B7B8DAD92C3C486A44143 /* RestaurantData.swift */,
				C1ACEE50AF13E6EEED188836 /* SalesData.swift */,
			);
			path = Data;
			sourceTree = "<group>";
		};
		5E73F4417CFCEB51FB232C8A /* LocalGOConsumer */ = {
			isa = PBXGroup;
			children = (
				2EB24CB72291B34F64B3BFB9 /* Assets.xcassets */,
				21DC89460C8F3429C2C2CB44 /* ContentView.swift */,
				C03CDB1EE66FEDECE6D623E5 /* Info.plist */,
				DF4DB6B91B0D4E3E99819086 /* LocalGOConsumerApp.swift */,
				48E25C10533DBE786A8C18D8 /* Data */,
				2AE5C4862EDD4B93E6B0A10D /* Models */,
				893110DB8F5E8AC0A561C0F5 /* Services */,
				70541B34F845862AE999DBDF /* Theme */,
				0F6C2C51D3A1B670EF9AEBA2 /* ViewModels */,
				29090420B2DEF72B77E31766 /* Views */,
			);
			path = LocalGOConsumer;
			sourceTree = "<group>";
		};
		6D95E41445C8277B0A700900 /* Payment */ = {
			isa = PBXGroup;
			children = (
				17B3C1B8B6F18BDF8CC402AA /* AddCardView.swift */,
				9DBD73012A0DC5E5E3C00BE1 /* PaymentMethodsView.swift */,
			);
			path = Payment;
			sourceTree = "<group>";
		};
		70541B34F845862AE999DBDF /* Theme */ = {
			isa = PBXGroup;
			children = (
				D0CFAA8A87FCF9EF6264F11C /* AppTheme.swift */,
			);
			path = Theme;
			sourceTree = "<group>";
		};
		829A9E93AB0E702A30E619FF /* Restaurant */ = {
			isa = PBXGroup;
			children = (
				DE48CA8D31CCA341AAAD8380 /* MenuItemRow.swift */,
				A578105152A39E3677DB9506 /* RestaurantView.swift */,
			);
			path = Restaurant;
			sourceTree = "<group>";
		};
		893110DB8F5E8AC0A561C0F5 /* Services */ = {
			isa = PBXGroup;
			children = (
				D62D9BC58802957623E409C8 /* AuthService.swift */,
				F5B1DAE8F20C373A89A44817 /* Config.swift */,
				A87491258F9DCB473510245E /* CredentialStore.swift */,
				D9B079AA1F59268293FCD70C /* Database.swift */,
				DEB91580BE554990693D6A04 /* EmailService.swift */,
				C34445A2EB9C46EB16144479 /* ImageCache.swift */,
				A8D72E27521082EFB56FDC2A /* KeychainHelper.swift */,
				CBA3BCBA9E29A298F0EC30B8 /* LocationManager.swift */,
				668A8672C8A9A4EFE5135982 /* LoginThrottle.swift */,
				3C140E7AC49429BECA437576 /* OrderService.swift */,
				C5D11D1D00002FE8E1779537 /* OTPService.swift */,
				F6B9ED2C0AD72293AAB58124 /* PaymentService.swift */,
				43CC9991217E576555604EBA /* RecommendationEngine.swift */,
			);
			path = Services;
			sourceTree = "<group>";
		};
		BB1F268F9AD4D38DAFFD8D41 /* Products */ = {
			isa = PBXGroup;
			children = (
				C0AD91B35930626ED6BF7EAE /* LocalGOConsumer.app */,
			);
			name = Products;
			sourceTree = "<group>";
		};
		C9C863C3AAD90AC724F86491 /* Profile */ = {
			isa = PBXGroup;
			children = (
				3CE698563CF5EF50B0E3E79B /* OrderHistoryView.swift */,
				B10031E18B38D3565F81CF49 /* ProfileView.swift */,
			);
			path = Profile;
			sourceTree = "<group>";
		};
		D3859AD312BE726673405BCA /* Frameworks */ = {
			isa = PBXGroup;
			children = (
				C09AF8D3653E40330186CEB4 /* libsqlite3.tbd */,
			);
			name = Frameworks;
			sourceTree = "<group>";
		};
		D8C6A2176CF39F59937510EE /* Tracking */ = {
			isa = PBXGroup;
			children = (
				B0B0FFD7618015B367E7099C /* OrderTrackingView.swift */,
			);
			path = Tracking;
			sourceTree = "<group>";
		};
		DE1E4D4A64AE4431EA7621F3 /* Components */ = {
			isa = PBXGroup;
			children = (
				CB43564B5EA74F5BB38891AF /* FullScreenImageView.swift */,
			);
			path = Components;
			sourceTree = "<group>";
		};
		E8CD4491A06FF7CCB857F90C /* Cart */ = {
			isa = PBXGroup;
			children = (
				E98F47ECF79241567D50586D /* CartItemRow.swift */,
				76359317E596A68CC67A2494 /* CartView.swift */,
			);
			path = Cart;
			sourceTree = "<group>";
		};
		F81974C7A6E9EAE7E0C1CD92 /* Auth */ = {
			isa = PBXGroup;
			children = (
				7DD74CE9F49790B90AEF8E13 /* AppleSignInButton.swift */,
				877A8CA58CC92F49BCAA5CBA /* AuthComponents.swift */,
				D1E6BEB5D99E3A9E3672B25F /* AuthFlowView.swift */,
				9276BCCF0FEA89B5F5577999 /* ForgotPasswordView.swift */,
				1820EED5FF5719238BEB72C2 /* GoogleSignInButton.swift */,
				9367439A96816A5DD80E9F4E /* LoginView.swift */,
				20C8FEB1E3EF2DA75127163E /* ResetPasswordView.swift */,
				E6B2DBB064B3AC3D1107B3D2 /* SignUpView.swift */,
				ACB534D8B5B63073B67D728D /* VerificationView.swift */,
				3D1B56AB21D303B4FD8E76C5 /* WelcomeView.swift */,
			);
			path = Auth;
			sourceTree = "<group>";
		};
/* End PBXGroup section */

/* Begin PBXNativeTarget section */
		3D0DD598573845C75CB272D1 /* LocalGOConsumer */ = {
			isa = PBXNativeTarget;
			buildConfigurationList = 95DC0E6C9DD8BDC9962D4CCC /* Build configuration list for PBXNativeTarget "LocalGOConsumer" */;
			buildPhases = (
				F4A3C02746EA916B7FBEC6FB /* Sources */,
				65C911F73881D569FB2EAD18 /* Resources */,
				5B3961A436E2C060EE462459 /* Frameworks */,
			);
			buildRules = (
			);
			dependencies = (
			);
			name = LocalGOConsumer;
			packageProductDependencies = (
				AC00D612CC0B1263B77BA8FB /* StripePaymentSheet */,
				143C41F7D3AB19F566C8A0AC /* GoogleSignIn */,
			);
			productName = LocalGOConsumer;
			productReference = C0AD91B35930626ED6BF7EAE /* LocalGOConsumer.app */;
			productType = "com.apple.product-type.application";
		};
/* End PBXNativeTarget section */

/* Begin PBXProject section */
		1B80F4824609A68D25859035 /* Project object */ = {
			isa = PBXProject;
			attributes = {
				BuildIndependentTargetsInParallel = YES;
				LastUpgradeCheck = 1500;
				TargetAttributes = {
					3D0DD598573845C75CB272D1 = {
						DevelopmentTeam = "";
						ProvisioningStyle = Automatic;
					};
				};
			};
			buildConfigurationList = 99B7E4EEFCB5F3F3A23C4916 /* Build configuration list for PBXProject "LocalGOConsumer" */;
			developmentRegion = en;
			hasScannedForEncodings = 0;
			knownRegions = (
				Base,
				en,
			);
			mainGroup = 14AA4A4080A280FC10A35496;
			minimizedProjectReferenceProxies = 1;
			packageReferences = (
				F8D6D9159DC9BE9419D2C755 /* XCRemoteSwiftPackageReference "GoogleSignIn-iOS" */,
				3C3B4C97F937603C705466DA /* XCRemoteSwiftPackageReference "stripe-ios-spm" */,
			);
			preferredProjectObjectVersion = 77;
			productRefGroup = BB1F268F9AD4D38DAFFD8D41 /* Products */;
			projectDirPath = "";
			projectRoot = "";
			targets = (
				3D0DD598573845C75CB272D1 /* LocalGOConsumer */,
			);
		};
/* End PBXProject section */

/* Begin PBXResourcesBuildPhase section */
		65C911F73881D569FB2EAD18 /* Resources */ = {
			isa = PBXResourcesBuildPhase;
			buildActionMask = 2147483647;
			files = (
				5DBC5E5A613796612D9F4424 /* Assets.xcassets in Resources */,
			);
			runOnlyForDeploymentPostprocessing = 0;
		};
/* End PBXResourcesBuildPhase section */

/* Begin PBXSourcesBuildPhase section */
		F4A3C02746EA916B7FBEC6FB /* Sources */ = {
			isa = PBXSourcesBuildPhase;
			buildActionMask = 2147483647;
			files = (
				9F267FA379F4795B27B86100 /* AddCardView.swift in Sources */,
				C0267589404C991D27F23051 /* AppTheme.swift in Sources */,
				8B61E4FB3AF952F0BB50D680 /* AppleSignInButton.swift in Sources */,
				97B4C7778753CCA5A4F45B0A /* AuthComponents.swift in Sources */,
				2B74DAC7DA659BB4099984CA /* AuthFlowView.swift in Sources */,
				A6CE54242E7CB3E1BEEBE2CB /* AuthModels.swift in Sources */,
				248E35DDE1CDC90D75DD9180 /* AuthService.swift in Sources */,
				D5884063F9CFF373361D7FB4 /* Cart.swift in Sources */,
				A43D838D4244A0A8590DA244 /* CartItemRow.swift in Sources */,
				F271789BCFE20DC3274DB3A9 /* CartView.swift in Sources */,
				30174D2543F1A478DBB909BC /* CartViewModel.swift in Sources */,
				6461BE3BF37666EAB1037E16 /* CheckoutView.swift in Sources */,
				C426AA93466EE3467E48D41F /* CheckoutViewModel.swift in Sources */,
				5EB62EAB1CEC8CE906B8BD46 /* CommonPasswords.swift in Sources */,
				AE0112B9F5CFA5637DC53509 /* Config.swift in Sources */,
				F681221FE6F14CB8E97760C7 /* ContentView.swift in Sources */,
				41C456A6422FFBF1F9163CB9 /* CredentialStore.swift in Sources */,
				E4474B275BAB36520EBD505D /* Database.swift in Sources */,
				10D53F2BE6250EB2F8167354 /* EmailService.swift in Sources */,
				03C31AC914D810D69379ADF5 /* FoodImages.swift in Sources */,
				B4A6CAA1A1CFF1B6074C7414 /* ForgotPasswordView.swift in Sources */,
				DA5687D49A8C8FA77639A5E9 /* FullScreenImageView.swift in Sources */,
				722E2A65F7FBA1665C38128E /* GoogleSignInButton.swift in Sources */,
				2D9DE7C230A40D5C2C462F0C /* HomeView.swift in Sources */,
				8AB06F68397F1D3D29D9079E /* HomeViewModel.swift in Sources */,
				DDA582B21E9B4012DA6031C0 /* ImageCache.swift in Sources */,
				400346166B258712B941B981 /* KeychainHelper.swift in Sources */,
				FB681A4850A601A41FA06994 /* LocalGOConsumerApp.swift in Sources */,
				BDAC932E17A13564963C20CF /* LocationManager.swift in Sources */,
				F9B076960D729FCACC778FB0 /* LocationPickerView.swift in Sources */,
				0C721F5A1C1FDFBBDAE296BD /* LoginThrottle.swift in Sources */,
				47DE0DCC7FA7D42A910F2085 /* LoginView.swift in Sources */,
				960D1DF879A4CE3A75D8A128 /* MenuItem.swift in Sources */,
				E7C4AD9B554A4E271CD44B61 /* MenuItemRow.swift in Sources */,
				039304FBCB45C47CCA09316A /* OTPService.swift in Sources */,
				55CB0D585E028CFAA74B9D61 /* Order.swift in Sources */,
				BDD357D0C64D526F7B5DC444 /* OrderHistoryView.swift in Sources */,
				D8FA7C34663ADAA1E1AC5E4D /* OrderRecord.swift in Sources */,
				0A668994A1CEAFEDC576E434 /* OrderService.swift in Sources */,
				41535726E2915F0040AEADEA /* OrderTrackingView.swift in Sources */,
				268388818DE988D3D7286EB8 /* PaymentMethod.swift in Sources */,
				32C11A1640FAFA005392FD99 /* PaymentMethodsView.swift in Sources */,
				C5425AEDCB84BBA0FE6B0C18 /* PaymentService.swift in Sources */,
				F9CB022BEBE2BB8DE95C6002 /* ProfileView.swift in Sources */,
				8F06D44AAFD9134A80CCD864 /* RecommendationEngine.swift in Sources */,
				BF76D15AA3385B5A6BE90870 /* ResetPasswordView.swift in Sources */,
				1E628605B8879386EE586D4F /* Restaurant.swift in Sources */,
				8985EDB242E6B855E07A074A /* RestaurantCardView.swift in Sources */,
				8A0F362B9EE1B7C599F7CE99 /* RestaurantData.swift in Sources */,
				62EAAC1A1DFF27E504DFBC2F /* RestaurantView.swift in Sources */,
				CB627E5C7C31B6AA5BA5A9B6 /* RootView.swift in Sources */,
				4FF961C1509A88709CDDA9B1 /* SalesData.swift in Sources */,
				B7DFFAC80C0CA9B299C0A5C1 /* SignUpView.swift in Sources */,
				D5F060DFF6E376FA8BCC6B8E /* VerificationView.swift in Sources */,
				AB41600D8626A679D66CBB05 /* WelcomeView.swift in Sources */,
			);
			runOnlyForDeploymentPostprocessing = 0;
		};
/* End PBXSourcesBuildPhase section */

/* Begin XCBuildConfiguration section */
		74B22D7847C4B0FF711B1FAD /* Debug */ = {
			isa = XCBuildConfiguration;
			buildSettings = {
				ALWAYS_SEARCH_USER_PATHS = NO;
				CLANG_ANALYZER_NONNULL = YES;
				CLANG_ANALYZER_NUMBER_OBJECT_CONVERSION = YES_AGGRESSIVE;
				CLANG_CXX_LANGUAGE_STANDARD = "gnu++14";
				CLANG_CXX_LIBRARY = "libc++";
				CLANG_ENABLE_MODULES = YES;
				CLANG_ENABLE_OBJC_ARC = YES;
				CLANG_ENABLE_OBJC_WEAK = YES;
				CLANG_WARN_BLOCK_CAPTURE_AUTORELEASING = YES;
				CLANG_WARN_BOOL_CONVERSION = YES;
				CLANG_WARN_COMMA = YES;
				CLANG_WARN_CONSTANT_CONVERSION = YES;
				CLANG_WARN_DEPRECATED_OBJC_IMPLEMENTATIONS = YES;
				CLANG_WARN_DIRECT_OBJC_ISA_USAGE = YES_ERROR;
				CLANG_WARN_DOCUMENTATION_COMMENTS = YES;
				CLANG_WARN_EMPTY_BODY = YES;
				CLANG_WARN_ENUM_CONVERSION = YES;
				CLANG_WARN_INFINITE_RECURSION = YES;
				CLANG_WARN_INT_CONVERSION = YES;
				CLANG_WARN_NON_LITERAL_NULL_CONVERSION = YES;
				CLANG_WARN_OBJC_IMPLICIT_RETAIN_SELF = YES;
				CLANG_WARN_OBJC_LITERAL_CONVERSION = YES;
				CLANG_WARN_OBJC_ROOT_CLASS = YES_ERROR;
				CLANG_WARN_QUOTED_INCLUDE_IN_FRAMEWORK_HEADER = YES;
				CLANG_WARN_RANGE_LOOP_ANALYSIS = YES;
				CLANG_WARN_STRICT_PROTOTYPES = YES;
				CLANG_WARN_SUSPICIOUS_MOVE = YES;
				CLANG_WARN_UNGUARDED_AVAILABILITY = YES_AGGRESSIVE;
				CLANG_WARN_UNREACHABLE_CODE = YES;
				CLANG_WARN__DUPLICATE_METHOD_MATCH = YES;
				COPY_PHASE_STRIP = NO;
				DEBUG_INFORMATION_FORMAT = dwarf;
				ENABLE_STRICT_OBJC_MSGSEND = YES;
				ENABLE_TESTABILITY = YES;
				GCC_C_LANGUAGE_STANDARD = gnu11;
				GCC_DYNAMIC_NO_PIC = NO;
				GCC_NO_COMMON_BLOCKS = YES;
				GCC_OPTIMIZATION_LEVEL = 0;
				GCC_PREPROCESSOR_DEFINITIONS = (
					"$(inherited)",
					"DEBUG=1",
				);
				GCC_WARN_64_TO_32_BIT_CONVERSION = YES;
				GCC_WARN_ABOUT_RETURN_TYPE = YES_ERROR;
				GCC_WARN_UNDECLARED_SELECTOR = YES;
				GCC_WARN_UNINITIALIZED_AUTOS = YES_AGGRESSIVE;
				GCC_WARN_UNUSED_FUNCTION = YES;
				GCC_WARN_UNUSED_VARIABLE = YES;
				IPHONEOS_DEPLOYMENT_TARGET = 16.0;
				MTL_ENABLE_DEBUG_INFO = INCLUDE_SOURCE;
				MTL_FAST_MATH = YES;
				ONLY_ACTIVE_ARCH = YES;
				PRODUCT_NAME = "$(TARGET_NAME)";
				SDKROOT = iphoneos;
				SWIFT_ACTIVE_COMPILATION_CONDITIONS = DEBUG;
				SWIFT_OPTIMIZATION_LEVEL = "-Onone";
				SWIFT_VERSION = 5.0;
			};
			name = Debug;
		};
		81A8AA1477E25C069B4F392C /* Release */ = {
			isa = XCBuildConfiguration;
			buildSettings = {
				ASSETCATALOG_COMPILER_APPICON_NAME = AppIcon;
				CODE_SIGN_IDENTITY = "iPhone Developer";
				CODE_SIGN_STYLE = Automatic;
				CURRENT_PROJECT_VERSION = 1;
				DEVELOPMENT_TEAM = "";
				INFOPLIST_FILE = LocalGOConsumer/Info.plist;
				IPHONEOS_DEPLOYMENT_TARGET = 16.0;
				LD_RUNPATH_SEARCH_PATHS = (
					"$(inherited)",
					"@executable_path/Frameworks",
				);
				MARKETING_VERSION = 1.0.0;
				PRODUCT_BUNDLE_IDENTIFIER = com.localgo.consumer;
				SDKROOT = iphoneos;
				SWIFT_VERSION = 5.9;
				TARGETED_DEVICE_FAMILY = "1,2";
			};
			name = Release;
		};
		A35C48930CCED20B742642B1 /* Release */ = {
			isa = XCBuildConfiguration;
			buildSettings = {
				ALWAYS_SEARCH_USER_PATHS = NO;
				CLANG_ANALYZER_NONNULL = YES;
				CLANG_ANALYZER_NUMBER_OBJECT_CONVERSION = YES_AGGRESSIVE;
				CLANG_CXX_LANGUAGE_STANDARD = "gnu++14";
				CLANG_CXX_LIBRARY = "libc++";
				CLANG_ENABLE_MODULES = YES;
				CLANG_ENABLE_OBJC_ARC = YES;
				CLANG_ENABLE_OBJC_WEAK = YES;
				CLANG_WARN_BLOCK_CAPTURE_AUTORELEASING = YES;
				CLANG_WARN_BOOL_CONVERSION = YES;
				CLANG_WARN_COMMA = YES;
				CLANG_WARN_CONSTANT_CONVERSION = YES;
				CLANG_WARN_DEPRECATED_OBJC_IMPLEMENTATIONS = YES;
				CLANG_WARN_DIRECT_OBJC_ISA_USAGE = YES_ERROR;
				CLANG_WARN_DOCUMENTATION_COMMENTS = YES;
				CLANG_WARN_EMPTY_BODY = YES;
				CLANG_WARN_ENUM_CONVERSION = YES;
				CLANG_WARN_INFINITE_RECURSION = YES;
				CLANG_WARN_INT_CONVERSION = YES;
				CLANG_WARN_NON_LITERAL_NULL_CONVERSION = YES;
				CLANG_WARN_OBJC_IMPLICIT_RETAIN_SELF = YES;
				CLANG_WARN_OBJC_LITERAL_CONVERSION = YES;
				CLANG_WARN_OBJC_ROOT_CLASS = YES_ERROR;
				CLANG_WARN_QUOTED_INCLUDE_IN_FRAMEWORK_HEADER = YES;
				CLANG_WARN_RANGE_LOOP_ANALYSIS = YES;
				CLANG_WARN_STRICT_PROTOTYPES = YES;
				CLANG_WARN_SUSPICIOUS_MOVE = YES;
				CLANG_WARN_UNGUARDED_AVAILABILITY = YES_AGGRESSIVE;
				CLANG_WARN_UNREACHABLE_CODE = YES;
				CLANG_WARN__DUPLICATE_METHOD_MATCH = YES;
				COPY_PHASE_STRIP = NO;
				DEBUG_INFORMATION_FORMAT = "dwarf-with-dsym";
				ENABLE_NS_ASSERTIONS = NO;
				ENABLE_STRICT_OBJC_MSGSEND = YES;
				GCC_C_LANGUAGE_STANDARD = gnu11;
				GCC_NO_COMMON_BLOCKS = YES;
				GCC_WARN_64_TO_32_BIT_CONVERSION = YES;
				GCC_WARN_ABOUT_RETURN_TYPE = YES_ERROR;
				GCC_WARN_UNDECLARED_SELECTOR = YES;
				GCC_WARN_UNINITIALIZED_AUTOS = YES_AGGRESSIVE;
				GCC_WARN_UNUSED_FUNCTION = YES;
				GCC_WARN_UNUSED_VARIABLE = YES;
				IPHONEOS_DEPLOYMENT_TARGET = 16.0;
				MTL_ENABLE_DEBUG_INFO = NO;
				MTL_FAST_MATH = YES;
				PRODUCT_NAME = "$(TARGET_NAME)";
				SDKROOT = iphoneos;
				SWIFT_COMPILATION_MODE = wholemodule;
				SWIFT_OPTIMIZATION_LEVEL = "-O";
				SWIFT_VERSION = 5.0;
			};
			name = Release;
		};
		BE04490F866FADFEC03174F2 /* Debug */ = {
			isa = XCBuildConfiguration;
			buildSettings = {
				ASSETCATALOG_COMPILER_APPICON_NAME = AppIcon;
				CODE_SIGN_IDENTITY = "iPhone Developer";
				CODE_SIGN_STYLE = Automatic;
				CURRENT_PROJECT_VERSION = 1;
				DEVELOPMENT_TEAM = "";
				INFOPLIST_FILE = LocalGOConsumer/Info.plist;
				IPHONEOS_DEPLOYMENT_TARGET = 16.0;
				LD_RUNPATH_SEARCH_PATHS = (
					"$(inherited)",
					"@executable_path/Frameworks",
				);
				MARKETING_VERSION = 1.0.0;
				PRODUCT_BUNDLE_IDENTIFIER = com.localgo.consumer;
				SDKROOT = iphoneos;
				SWIFT_VERSION = 5.9;
				TARGETED_DEVICE_FAMILY = "1,2";
			};
			name = Debug;
		};
/* End XCBuildConfiguration section */

/* Begin XCConfigurationList section */
		95DC0E6C9DD8BDC9962D4CCC /* Build configuration list for PBXNativeTarget "LocalGOConsumer" */ = {
			isa = XCConfigurationList;
			buildConfigurations = (
				BE04490F866FADFEC03174F2 /* Debug */,
				81A8AA1477E25C069B4F392C /* Release */,
			);
			defaultConfigurationIsVisible = 0;
			defaultConfigurationName = Debug;
		};
		99B7E4EEFCB5F3F3A23C4916 /* Build configuration list for PBXProject "LocalGOConsumer" */ = {
			isa = XCConfigurationList;
			buildConfigurations = (
				74B22D7847C4B0FF711B1FAD /* Debug */,
				A35C48930CCED20B742642B1 /* Release */,
			);
			defaultConfigurationIsVisible = 0;
			defaultConfigurationName = Debug;
		};
/* End XCConfigurationList section */

/* Begin XCRemoteSwiftPackageReference section */
		3C3B4C97F937603C705466DA /* XCRemoteSwiftPackageReference "stripe-ios-spm" */ = {
			isa = XCRemoteSwiftPackageReference;
			repositoryURL = "https://github.com/stripe/stripe-ios-spm";
			requirement = {
				kind = upToNextMajorVersion;
				minimumVersion = 23.0.0;
			};
		};
		F8D6D9159DC9BE9419D2C755 /* XCRemoteSwiftPackageReference "GoogleSignIn-iOS" */ = {
			isa = XCRemoteSwiftPackageReference;
			repositoryURL = "https://github.com/google/GoogleSignIn-iOS.git";
			requirement = {
				kind = upToNextMajorVersion;
				minimumVersion = 7.1.0;
			};
		};
/* End XCRemoteSwiftPackageReference section */

/* Begin XCSwiftPackageProductDependency section */
		143C41F7D3AB19F566C8A0AC /* GoogleSignIn */ = {
			isa = XCSwiftPackageProductDependency;
			package = F8D6D9159DC9BE9419D2C755 /* XCRemoteSwiftPackageReference "GoogleSignIn-iOS" */;
			productName = GoogleSignIn;
		};
		AC00D612CC0B1263B77BA8FB /* StripePaymentSheet */ = {
			isa = XCSwiftPackageProductDependency;
			package = 3C3B4C97F937603C705466DA /* XCRemoteSwiftPackageReference "stripe-ios-spm" */;
			productName = StripePaymentSheet;
		};
/* End XCSwiftPackageProductDependency section */
	};
	rootObject = 1B80F4824609A68D25859035 /* Project object */;
}
